
Microsoft Visual Studio Solution File, Format Version 12.00
# Visual Studio Version 16
VisualStudioVersion = 16.0.30114.105
MinimumVisualStudioVersion = 10.0.40219.1
Project("{FAE04EC0-301F-11D3-BF4B-00C04F79EFBC}") = "WinFormsApp", "WinFormsApp\WinFormsApp.csproj", "{0CC4001B-7CD3-4921-8417-862EDC51A09C}"
EndProject
Project("{FAE04EC0-301F-11D3-BF4B-00C04F79EFBC}") = "ClockApp", "ClockApp\ClockApp.csproj", "{3DFF25A7-DE86-475F-A23E-338FA3226AD3}"
EndProject
Project("{FAE04EC0-301F-11D3-BF4B-00C04F79EFBC}") = "ButtonTestApp", "ButtonTestApp\ButtonTestApp.csproj", "{47958B05-3787-4117-A7B6-3569956932B8}"
EndProject
Project("{FAE04EC0-301F-11D3-BF4B-00C04F79EFBC}") = "Calculator", "Calculator\Calculator.csproj", "{001A5BC5-2D92-4A83-9F8E-964905F04BE1}"
EndProject
Project("{FAE04EC0-301F-11D3-BF4B-00C04F79EFBC}") = "CheckboxTestApp", "CheckboxTestApp\CheckboxTestApp.csproj", "{560690AC-1885-41B1-A3E4-9F5D36F0E7A6}"
EndProject
Project("{FAE04EC0-301F-11D3-BF4B-00C04F79EFBC}") = "RadiobuttonTestApp", "RadiobuttonTestApp\RadiobuttonTestApp.csproj", "{2CC8A452-D290-4490-8BD1-367EB7723EA2}"
EndProject
Project("{FAE04EC0-301F-11D3-BF4B-00C04F79EFBC}") = "LoginApp", "LoginApp\LoginApp.csproj", "{582C2768-3A59-4228-B570-B902FD76710C}"
EndProject
Project("{FAE04EC0-301F-11D3-BF4B-00C04F79EFBC}") = "ListControlTestApp", "ListControlTestApp\ListControlTestApp.csproj", "{AFDB7F31-D3BA-4197-8884-7F58BC4F4D62}"
EndProject
Project("{FAE04EC0-301F-11D3-BF4B-00C04F79EFBC}") = "ChecklistboxApp", "ChecklistboxApp\ChecklistboxApp.csproj", "{B777E9ED-8AE6-49A6-B035-8889A9A05CF8}"
EndProject
Project("{FAE04EC0-301F-11D3-BF4B-00C04F79EFBC}") = "ModalDlgApp", "ModalDlgApp\ModalDlgApp.csproj", "{3BB1D556-78B3-4407-A448-485A22A530A0}"
EndProject
Project("{FAE04EC0-301F-11D3-BF4B-00C04F79EFBC}") = "OpenFileDialogApp", "TestApp\OpenFileDialogApp.csproj", "{2F4C91B3-FF5B-4071-89FC-DDF3615C1755}"
EndProject
Project("{FAE04EC0-301F-11D3-BF4B-00C04F79EFBC}") = "MainMenuApp", "MainMenuApp\MainMenuApp.csproj", "{2C8225FD-5486-4A9F-884B-177EFABEEC1A}"
EndProject
Project("{FAE04EC0-301F-11D3-BF4B-00C04F79EFBC}") = "ListBoxApp", "List\ListBoxApp.csproj", "{00F654A8-022D-4D7A-82E3-4391C6B942FF}"
EndProject
Project("{FAE04EC0-301F-11D3-BF4B-00C04F79EFBC}") = "TreeViewApp", "WindowsFormsApp1\TreeViewApp.csproj", "{7BEBE590-0FEE-4361-8D33-5961007AC3DE}"
EndProject
Project("{FAE04EC0-301F-11D3-BF4B-00C04F79EFBC}") = "ProgressApp", "ProgressApp\ProgressApp.csproj", "{670C948D-C414-473B-98A4-F7744609236E}"
EndProject
Project("{FAE04EC0-301F-11D3-BF4B-00C04F79EFBC}") = "TimerApp", "TimerApp\TimerApp.csproj", "{B3AD3FDA-534D-42A3-9DE2-8AF6B2F51491}"
EndProject
Project("{FAE04EC0-301F-11D3-BF4B-00C04F79EFBC}") = "ColorApp", "ColorApp\ColorApp.csproj", "{08FBADE0-E3D5-4024-9C4F-AEFF6C630E5F}"
EndProject
Project("{FAE04EC0-301F-11D3-BF4B-00C04F79EFBC}") = "ChartCtrlApp", "ChartCtrlApp\ChartCtrlApp.csproj", "{7D7D56ED-D695-47C8-A7B6-011BECD40E37}"
EndProject
Project("{FAE04EC0-301F-11D3-BF4B-00C04F79EFBC}") = "BookLentalShop20", "BookLentalShop20\BookLentalShop20.csproj", "{F5E015DE-2E58-4F8C-B8B3-566A8F856FD1}"
EndProject
Global
	GlobalSection(SolutionConfigurationPlatforms) = preSolution
		Debug|Any CPU = Debug|Any CPU
		Release|Any CPU = Release|Any CPU
	EndGlobalSection
	GlobalSection(ProjectConfigurationPlatforms) = postSolution
		{0CC4001B-7CD3-4921-8417-862EDC51A09C}.Debug|Any CPU.ActiveCfg = Debug|Any CPU
		{0CC4001B-7CD3-4921-8417-862EDC51A09C}.Debug|Any CPU.Build.0 = Debug|Any CPU
		{0CC4001B-7CD3-4921-8417-862EDC51A09C}.Release|Any CPU.ActiveCfg = Release|Any CPU
		{0CC4001B-7CD3-4921-8417-862EDC51A09C}.Release|Any CPU.Build.0 = Release|Any CPU
		{3DFF25A7-DE86-475F-A23E-338FA3226AD3}.Debug|Any CPU.ActiveCfg = Debug|Any CPU
		{3DFF25A7-DE86-475F-A23E-338FA3226AD3}.Debug|Any CPU.Build.0 = Debug|Any CPU
		{3DFF25A7-DE86-475F-A23E-338FA3226AD3}.Release|Any CPU.ActiveCfg = Release|Any CPU
		{3DFF25A7-DE86-475F-A23E-338FA3226AD3}.Release|Any CPU.Build.0 = Release|Any CPU
		{47958B05-3787-4117-A7B6-3569956932B8}.Debug|Any CPU.ActiveCfg = Debug|Any CPU
		{47958B05-3787-4117-A7B6-3569956932B8}.Debug|Any CPU.Build.0 = Debug|Any CPU
		{47958B05-3787-4117-A7B6-3569956932B8}.Release|Any CPU.ActiveCfg = Release|Any CPU
		{47958B05-3787-4117-A7B6-3569956932B8}.Release|Any CPU.Build.0 = Release|Any CPU
		{001A5BC5-2D92-4A83-9F8E-964905F04BE1}.Debug|Any CPU.ActiveCfg = Debug|Any CPU
		{001A5BC5-2D92-4A83-9F8E-964905F04BE1}.Debug|Any CPU.Build.0 = Debug|Any CPU
		{001A5BC5-2D92-4A83-9F8E-964905F04BE1}.Release|Any CPU.ActiveCfg = Release|Any CPU
		{001A5BC5-2D92-4A83-9F8E-964905F04BE1}.Release|Any CPU.Build.0 = Release|Any CPU
		{560690AC-1885-41B1-A3E4-9F5D36F0E7A6}.Debug|Any CPU.ActiveCfg = Debug|Any CPU
		{560690AC-1885-41B1-A3E4-9F5D36F0E7A6}.Debug|Any CPU.Build.0 = Debug|Any CPU
		{560690AC-1885-41B1-A3E4-9F5D36F0E7A6}.Release|Any CPU.ActiveCfg = Release|Any CPU
		{560690AC-1885-41B1-A3E4-9F5D36F0E7A6}.Release|Any CPU.Build.0 = Release|Any CPU
		{2CC8A452-D290-4490-8BD1-367EB7723EA2}.Debug|Any CPU.ActiveCfg = Debug|Any CPU
		{2CC8A452-D290-4490-8BD1-367EB7723EA2}.Debug|Any CPU.Build.0 = Debug|Any CPU
		{2CC8A452-D290-4490-8BD1-367EB7723EA2}.Release|Any CPU.ActiveCfg = Release|Any CPU
		{2CC8A452-D290-4490-8BD1-367EB7723EA2}.Release|Any CPU.Build.0 = Release|Any CPU
		{582C2768-3A59-4228-B570-B902FD76710C}.Debug|Any CPU.ActiveCfg = Debug|Any CPU
		{582C2768-3A59-4228-B570-B902FD76710C}.Debug|Any CPU.Build.0 = Debug|Any CPU
		{582C2768-3A59-4228-B570-B902FD76710C}.Release|Any CPU.ActiveCfg = Release|Any CPU
		{582C2768-3A59-4228-B570-B902FD76710C}.Release|Any CPU.Build.0 = Release|Any CPU
		{AFDB7F31-D3BA-4197-8884-7F58BC4F4D62}.Debug|Any CPU.ActiveCfg = Debug|Any CPU
		{AFDB7F31-D3BA-4197-8884-7F58BC4F4D62}.Debug|Any CPU.Build.0 = Debug|Any CPU
		{AFDB7F31-D3BA-4197-8884-7F58BC4F4D62}.Release|Any CPU.ActiveCfg = Release|Any CPU
		{AFDB7F31-D3BA-4197-8884-7F58BC4F4D62}.Release|Any CPU.Build.0 = Release|Any CPU
		{B777E9ED-8AE6-49A6-B035-8889A9A05CF8}.Debug|Any CPU.ActiveCfg = Debug|Any CPU
		{B777E9ED-8AE6-49A6-B035-8889A9A05CF8}.Debug|Any CPU.Build.0 = Debug|Any CPU
		{B777E9ED-8AE6-49A6-B035-8889A9A05CF8}.Release|Any CPU.ActiveCfg = Release|Any CPU
		{B777E9ED-8AE6-49A6-B035-8889A9A05CF8}.Release|Any CPU.Build.0 = Release|Any CPU
		{3BB1D556-78B3-4407-A448-485A22A530A0}.Debug|Any CPU.ActiveCfg = Debug|Any CPU
		{3BB1D556-78B3-4407-A448-485A22A530A0}.Debug|Any CPU.Build.0 = Debug|Any CPU
		{3BB1D556-78B3-4407-A448-485A22A530A0}.Release|Any CPU.ActiveCfg = Release|Any CPU
		{3BB1D556-78B3-4407-A448-485A22A530A0}.Release|Any CPU.Build.0 = Release|Any CPU
		{2F4C91B3-FF5B-4071-89FC-DDF3615C1755}.Debug|Any CPU.ActiveCfg = Debug|Any CPU
		{2F4C91B3-FF5B-4071-89FC-DDF3615C1755}.Debug|Any CPU.Build.0 = Debug|Any CPU
		{2F4C91B3-FF5B-4071-89FC-DDF3615C1755}.Release|Any CPU.ActiveCfg = Release|Any CPU
		{2F4C91B3-FF5B-4071-89FC-DDF3615C1755}.Release|Any CPU.Build.0 = Release|Any CPU
		{2C8225FD-5486-4A9F-884B-177EFABEEC1A}.Debug|Any CPU.ActiveCfg = Debug|Any CPU
		{2C8225FD-5486-4A9F-884B-177EFABEEC1A}.Debug|Any CPU.Build.0 = Debug|Any CPU
		{2C8225FD-5486-4A9F-884B-177EFABEEC1A}.Release|Any CPU.ActiveCfg = Release|Any CPU
		{2C8225FD-5486-4A9F-884B-177EFABEEC1A}.Release|Any CPU.Build.0 = Release|Any CPU
		{00F654A8-022D-4D7A-82E3-4391C6B942FF}.Debug|Any CPU.ActiveCfg = Debug|Any CPU
		{00F654A8-022D-4D7A-82E3-4391C6B942FF}.Debug|Any CPU.Build.0 = Debug|Any CPU
		{00F654A8-022D-4D7A-82E3-4391C6B942FF}.Release|Any CPU.ActiveCfg = Release|Any CPU
		{00F654A8-022D-4D7A-82E3-4391C6B942FF}.Release|Any CPU.Build.0 = Release|Any CPU
		{7BEBE590-0FEE-4361-8D33-5961007AC3DE}.Debug|Any CPU.ActiveCfg = Debug|Any CPU
		{7BEBE590-0FEE-4361-8D33-5961007AC3DE}.Debug|Any CPU.Build.0 = Debug|Any CPU
		{7BEBE590-0FEE-4361-8D33-5961007AC3DE}.Release|Any CPU.ActiveCfg = Release|Any CPU
		{7BEBE590-0FEE-4361-8D33-5961007AC3DE}.Release|Any CPU.Build.0 = Release|Any CPU
		{670C948D-C414-473B-98A4-F7744609236E}.Debug|Any CPU.ActiveCfg = Debug|Any CPU
		{670C948D-C414-473B-98A4-F7744609236E}.Debug|Any CPU.Build.0 = Debug|Any CPU
		{670C948D-C414-473B-98A4-F7744609236E}.Release|Any CPU.ActiveCfg = Release|Any CPU
		{670C948D-C414-473B-98A4-F7744609236E}.Release|Any CPU.Build.0 = Release|Any CPU
		{B3AD3FDA-534D-42A3-9DE2-8AF6B2F51491}.Debug|Any CPU.ActiveCfg = Debug|Any CPU
		{B3AD3FDA-534D-42A3-9DE2-8AF6B2F51491}.Debug|Any CPU.Build.0 = Debug|Any CPU
		{B3AD3FDA-534D-42A3-9DE2-8AF6B2F51491}.Release|Any CPU.ActiveCfg = Release|Any CPU
		{B3AD3FDA-534D-42A3-9DE2-8AF6B2F51491}.Release|Any CPU.Build.0 = Release|Any CPU
		{08FBADE0-E3D5-4024-9C4F-AEFF6C630E5F}.Debug|Any CPU.ActiveCfg = Debug|Any CPU
		{08FBADE0-E3D5-4024-9C4F-AEFF6C630E5F}.Debug|Any CPU.Build.0 = Debug|Any CPU
		{08FBADE0-E3D5-4024-9C4F-AEFF6C630E5F}.Release|Any CPU.ActiveCfg = Release|Any CPU
		{08FBADE0-E3D5-4024-9C4F-AEFF6C630E5F}.Release|Any CPU.Build.0 = Release|Any CPU
		{7D7D56ED-D695-47C8-A7B6-011BECD40E37}.Debug|Any CPU.ActiveCfg = Debug|Any CPU
		{7D7D56ED-D695-47C8-A7B6-011BECD40E37}.Debug|Any CPU.Build.0 = Debug|Any CPU
		{7D7D56ED-D695-47C8-A7B6-011BECD40E37}.Release|Any CPU.ActiveCfg = Release|Any CPU
		{7D7D56ED-D695-47C8-A7B6-011BECD40E37}.Release|Any CPU.Build.0 = Release|Any CPU
		{F5E015DE-2E58-4F8C-B8B3-566A8F856FD1}.Debug|Any CPU.ActiveCfg = Debug|Any CPU
		{F5E015DE-2E58-4F8C-B8B3-566A8F856FD1}.Debug|Any CPU.Build.0 = Debug|Any CPU
		{F5E015DE-2E58-4F8C-B8B3-566A8F856FD1}.Release|Any CPU.ActiveCfg = Release|Any CPU
		{F5E015DE-2E58-4F8C-B8B3-566A8F856FD1}.Release|Any CPU.Build.0 = Release|Any CPU
	EndGlobalSection
	GlobalSection(SolutionProperties) = preSolution
		HideSolutionNode = FALSE
	EndGlobalSection
	GlobalSection(ExtensibilityGlobals) = postSolution
		SolutionGuid = {30B4AA53-FC79-4840-BA9F-308B2B3CFE61}
	EndGlobalSection
EndGlobal
